
Microsoft Visual Studio Solution File, Format Version 12.00
# Visual Studio Version 17
VisualStudioVersion = 17.2.32630.192
MinimumVisualStudioVersion = 10.0.40219.1
Project("{FAE04EC0-301F-11D3-BF4B-00C04F79EFBC}") = "Algorithms", "Algorithms\Algorithms.csproj", "{2B68CC8E-6C66-42EC-AE6F-C0890C823CAD}"
EndProject
Project("{FAE04EC0-301F-11D3-BF4B-00C04F79EFBC}") = "AlgorithmsConsoleTest", "AlgorithmsConsoleTest\AlgorithmsConsoleTest.csproj", "{A9535275-05D0-4B6B-8009-B63A766650BD}"
EndProject
Global
	GlobalSection(SolutionConfigurationPlatforms) = preSolution
		Debug|Any CPU = Debug|Any CPU
		Release|Any CPU = Release|Any CPU
	EndGlobalSection
	GlobalSection(ProjectConfigurationPlatforms) = postSolution
		{2B68CC8E-6C66-42EC-AE6F-C0890C823CAD}.Debug|Any CPU.ActiveCfg = Debug|Any CPU
		{2B68CC8E-6C66-42EC-AE6F-C0890C823CAD}.Debug|Any CPU.Build.0 = Debug|Any CPU
		{2B68CC8E-6C66-42EC-AE6F-C0890C823CAD}.Release|Any CPU.ActiveCfg = Release|Any CPU
		{2B68CC8E-6C66-42EC-AE6F-C0890C823CAD}.Release|Any CPU.Build.0 = Release|Any CPU
		{A9535275-05D0-4B6B-8009-B63A766650BD}.Debug|Any CPU.ActiveCfg = Debug|Any CPU
		{A9535275-05D0-4B6B-8009-B63A766650BD}.Debug|Any CPU.Build.0 = Debug|Any CPU
		{A9535275-05D0-4B6B-8009-B63A766650BD}.Release|Any CPU.ActiveCfg = Release|Any CPU
		{A9535275-05D0-4B6B-8009-B63A766650BD}.Release|Any CPU.Build.0 = Release|Any CPU
	EndGlobalSection
	GlobalSection(SolutionProperties) = preSolution
		HideSolutionNode = FALSE
	EndGlobalSection
	GlobalSection(ExtensibilityGlobals) = postSolution
		SolutionGuid = {BBC0B404-3E99-4AB1-B94A-F4BC813AE723}
	EndGlobalSection
EndGlobal
